
Microsoft Visual Studio Solution File, Format Version 12.00
# Visual Studio Version 16
VisualStudioVersion = 16.0.32126.315
MinimumVisualStudioVersion = 10.0.40219.1
Project("{FAE04EC0-301F-11D3-BF4B-00C04F79EFBC}") = "EnvatoMarket.Class", "EnvatoMarket.Class\EnvatoMarket.Class.csproj", "{3306D945-5C02-4D59-BC8F-08E638F592B5}"
EndProject
Global
	GlobalSection(SolutionConfigurationPlatforms) = preSolution
		Debug|Any CPU = Debug|Any CPU
		Release|Any CPU = Release|Any CPU
	EndGlobalSection
	GlobalSection(ProjectConfigurationPlatforms) = postSolution
		{3306D945-5C02-4D59-BC8F-08E638F592B5}.Debug|Any CPU.ActiveCfg = Debug|Any CPU
		{3306D945-5C02-4D59-BC8F-08E638F592B5}.Debug|Any CPU.Build.0 = Debug|Any CPU
		{3306D945-5C02-4D59-BC8F-08E638F592B5}.Release|Any CPU.ActiveCfg = Release|Any CPU
		{3306D945-5C02-4D59-BC8F-08E638F592B5}.Release|Any CPU.Build.0 = Release|Any CPU
	EndGlobalSection
	GlobalSection(SolutionProperties) = preSolution
		HideSolutionNode = FALSE
	EndGlobalSection
	GlobalSection(ExtensibilityGlobals) = postSolution
		SolutionGuid = {9354EADE-4815-474D-9BC8-5EAF78DB6525}
	EndGlobalSection
EndGlobal
